
Microsoft Visual Studio Solution File, Format Version 12.00
Project("{FAE04EC0-301F-11D3-BF4B-00C04F79EFBC}") = "design-patterns-module-lab-13", "design-patterns-module-lab-13.csproj", "{1878A121-CE56-4586-AD48-6EDD84A6DB1C}"
EndProject
Global
	GlobalSection(SolutionConfigurationPlatforms) = preSolution
		Debug|Any CPU = Debug|Any CPU
		Release|Any CPU = Release|Any CPU
	EndGlobalSection
	GlobalSection(ProjectConfigurationPlatforms) = postSolution
		{1878A121-CE56-4586-AD48-6EDD84A6DB1C}.Debug|Any CPU.ActiveCfg = Debug|Any CPU
		{1878A121-CE56-4586-AD48-6EDD84A6DB1C}.Debug|Any CPU.Build.0 = Debug|Any CPU
		{1878A121-CE56-4586-AD48-6EDD84A6DB1C}.Release|Any CPU.ActiveCfg = Release|Any CPU
		{1878A121-CE56-4586-AD48-6EDD84A6DB1C}.Release|Any CPU.Build.0 = Release|Any CPU
	EndGlobalSection
EndGlobal
